<?xml version="1.0" encoding="utf-8"?>
<Project ToolsVersion="4.0" xmlns="http://schemas.microsoft.com/developer/msbuild/2003">
  <ItemGroup>
    <ClCompile Include="Game.cpp">
      <Filter>Classes</Filter>
    </ClCompile>
    <ClCompile Include="HandsWarmer.cpp">
      <Filter>Classes</Filter>
    </ClCompile>
    <ClCompile Include="Level.cpp">
      <Filter>Classes</Filter>
    </ClCompile>
    <ClCompile Include="MousePositionDisplay.cpp">
      <Filter>Classes</Filter>
    </ClCompile>
    <ClCompile Include="TextureManager.cpp">
      <Filter>Classes</Filter>
    </ClCompile>
    <ClCompile Include="MechTrooper.cpp">
      <Filter>GameObjects\Enemies</Filter>
    </ClCompile>
    <ClCompile Include="Enemy.cpp">
      <Filter>GameObjects\Enemies</Filter>
    </ClCompile>
    <ClCompile Include="Log.cpp">
      <Filter>Log</Filter>
    </ClCompile>
    <ClCompile Include="Bullet.cpp">
      <Filter>Shooting</Filter>
    </ClCompile>
    <ClCompile Include="Magazine.cpp">
      <Filter>Shooting</Filter>
    </ClCompile>
    <ClCompile Include="EnemyShooting.cpp">
      <Filter>Shooting</Filter>
    </ClCompile>
    <ClCompile Include="Player.cpp">
      <Filter>GameObjects\Player</Filter>
    </ClCompile>
    <ClCompile Include="Movement.cpp">
      <Filter>Movement</Filter>
    </ClCompile>
    <ClCompile Include="GameProperties.cpp">
      <Filter>Movement</Filter>
    </ClCompile>
    <ClCompile Include="IWeapon.cpp">
      <Filter>Interfaces</Filter>
    </ClCompile>
    <ClCompile Include="Spawner.cpp">
      <Filter>Classes</Filter>
    </ClCompile>
  </ItemGroup>
  <ItemGroup>
    <ClInclude Include="Level.h">
      <Filter>Headers</Filter>
    </ClInclude>
    <ClInclude Include="MousePositionDisplay.h">
      <Filter>Headers</Filter>
    </ClInclude>
    <ClInclude Include="TextureManager.h">
      <Filter>Headers</Filter>
    </ClInclude>
    <ClInclude Include="Game.h">
      <Filter>Headers</Filter>
    </ClInclude>
    <ClInclude Include="Enemy.h">
      <Filter>GameObjects\Enemies</Filter>
    </ClInclude>
    <ClInclude Include="MechTrooper.h">
      <Filter>GameObjects\Enemies</Filter>
    </ClInclude>
    <ClInclude Include="Log.h">
      <Filter>Log</Filter>
    </ClInclude>
    <ClInclude Include="IEnemy.h">
      <Filter>Interfaces</Filter>
    </ClInclude>
    <ClInclude Include="Bullet.h">
      <Filter>Shooting</Filter>
    </ClInclude>
    <ClInclude Include="Magazine.h">
      <Filter>Shooting</Filter>
    </ClInclude>
    <ClInclude Include="EnemyShooting.h">
      <Filter>Shooting</Filter>
    </ClInclude>
    <ClInclude Include="Player.h">
      <Filter>GameObjects\Player</Filter>
    </ClInclude>
    <ClInclude Include="Movement.h">
      <Filter>Movement</Filter>
    </ClInclude>
    <ClInclude Include="GameProperties.h">
      <Filter>Movement</Filter>
    </ClInclude>
    <ClInclude Include="Spawner.h">
      <Filter>Headers</Filter>
    </ClInclude>
  </ItemGroup>
  <ItemGroup>
    <Filter Include="Classes">
      <UniqueIdentifier>{1a0dc3ff-dbe5-4678-b8ef-f0d4c3bf7f59}</UniqueIdentifier>
    </Filter>
    <Filter Include="Headers">
      <UniqueIdentifier>{f60d4b69-bb38-4e8b-931b-ae2eacf22d33}</UniqueIdentifier>
    </Filter>
    <Filter Include="Log">
      <UniqueIdentifier>{9c08beaf-092b-4992-a096-b2be398dbde7}</UniqueIdentifier>
    </Filter>
    <Filter Include="Interfaces">
      <UniqueIdentifier>{05bd67f0-3152-49cf-bb7a-7ee21fa014f4}</UniqueIdentifier>
    </Filter>
    <Filter Include="GameObjects">
      <UniqueIdentifier>{e7e995ee-b3b7-475a-9ed4-b0e2b9063111}</UniqueIdentifier>
    </Filter>
    <Filter Include="GameObjects\Player">
      <UniqueIdentifier>{c5a83ba7-c4f2-4927-861a-753cbe7618f5}</UniqueIdentifier>
    </Filter>
    <Filter Include="Shooting">
      <UniqueIdentifier>{462ada36-d935-474f-9d5f-4e0dfd42374d}</UniqueIdentifier>
    </Filter>
    <Filter Include="GameObjects\Enemies">
      <UniqueIdentifier>{46799001-db88-44ee-933d-b52b941dab1d}</UniqueIdentifier>
    </Filter>
    <Filter Include="Movement">
      <UniqueIdentifier>{6239a82a-48fb-48cc-b7e1-4f0951422ee2}</UniqueIdentifier>
    </Filter>
  </ItemGroup>
  <ItemGroup>
    <None Include="Log.inl">
      <Filter>Log</Filter>
    </None>
  </ItemGroup>
</Project>